
Microsoft Visual Studio Solution File, Format Version 12.00
# Visual Studio Version 17
VisualStudioVersion = 17.8.34330.188
MinimumVisualStudioVersion = 10.0.40219.1
Project("{FAE04EC0-301F-11D3-BF4B-00C04F79EFBC}") = "Problems", "Problems\Problems.csproj", "{D6A99379-EC72-4A76-BC62-C9E50A8ADDCE}"
EndProject
Global
	GlobalSection(SolutionConfigurationPlatforms) = preSolution
		Debug|Any CPU = Debug|Any CPU
		Release|Any CPU = Release|Any CPU
	EndGlobalSection
	GlobalSection(ProjectConfigurationPlatforms) = postSolution
		{D6A99379-EC72-4A76-BC62-C9E50A8ADDCE}.Debug|Any CPU.ActiveCfg = Debug|Any CPU
		{D6A99379-EC72-4A76-BC62-C9E50A8ADDCE}.Debug|Any CPU.Build.0 = Debug|Any CPU
		{D6A99379-EC72-4A76-BC62-C9E50A8ADDCE}.Release|Any CPU.ActiveCfg = Release|Any CPU
		{D6A99379-EC72-4A76-BC62-C9E50A8ADDCE}.Release|Any CPU.Build.0 = Release|Any CPU
	EndGlobalSection
	GlobalSection(SolutionProperties) = preSolution
		HideSolutionNode = FALSE
	EndGlobalSection
	GlobalSection(ExtensibilityGlobals) = postSolution
		SolutionGuid = {63254A50-EAF2-4720-80C7-1ADAE6222D93}
	EndGlobalSection
EndGlobal
